
Microsoft Visual Studio Solution File, Format Version 12.00
# Visual Studio Version 16
VisualStudioVersion = 16.0.29709.97
MinimumVisualStudioVersion = 10.0.40219.1
Project("{9A19103F-16F7-4668-BE54-9A1E7A4F7556}") = "CarParkExersice", "CarParkExersice.csproj", "{C13A4226-3500-4512-9464-C59D415AAF54}"
EndProject
Global
	GlobalSection(SolutionConfigurationPlatforms) = preSolution
		Debug|Any CPU = Debug|Any CPU
		Release|Any CPU = Release|Any CPU
	EndGlobalSection
	GlobalSection(ProjectConfigurationPlatforms) = postSolution
		{C13A4226-3500-4512-9464-C59D415AAF54}.Debug|Any CPU.ActiveCfg = Debug|Any CPU
		{C13A4226-3500-4512-9464-C59D415AAF54}.Debug|Any CPU.Build.0 = Debug|Any CPU
		{C13A4226-3500-4512-9464-C59D415AAF54}.Release|Any CPU.ActiveCfg = Release|Any CPU
		{C13A4226-3500-4512-9464-C59D415AAF54}.Release|Any CPU.Build.0 = Release|Any CPU
	EndGlobalSection
	GlobalSection(SolutionProperties) = preSolution
		HideSolutionNode = FALSE
	EndGlobalSection
	GlobalSection(ExtensibilityGlobals) = postSolution
		SolutionGuid = {9562F6BB-E417-4F0C-BFBB-59B0E3312FAC}
	EndGlobalSection
EndGlobal
